// !$*UTF8*$!
{
	archiveVersion = 1;
	classes = {
	};
	objectVersion = 46;
	objects = {

/* Begin PBXBuildFile section */
		A307A0F3190FFAC900793C95 /* SenTestingKit.framework in Frameworks */ = {isa = PBXBuildFile; fileRef = A307A0F2190FFAC900793C95 /* SenTestingKit.framework */; };
		A307A0F4190FFAC900793C95 /* CoreGraphics.framework in Frameworks */ = {isa = PBXBuildFile; fileRef = A3707540190FF66600294F12 /* CoreGraphics.framework */; };
		A307A0F5190FFAC900793C95 /* UIKit.framework in Frameworks */ = {isa = PBXBuildFile; fileRef = A3707542190FF66600294F12 /* UIKit.framework */; };
		A307A0F6190FFAC900793C95 /* Foundation.framework in Frameworks */ = {isa = PBXBuildFile; fileRef = A370753E190FF66600294F12 /* Foundation.framework */; };
		A307A0FC190FFAC900793C95 /* InfoPlist.strings in Resources */ = {isa = PBXBuildFile; fileRef = A307A0FA190FFAC900793C95 /* InfoPlist.strings */; };
		A307A101190FFAC900793C95 /* Cedar-iOS.framework in Frameworks */ = {isa = PBXBuildFile; fileRef = A307A100190FFAC900793C95 /* Cedar-iOS.framework */; };
		A31409CD19113FCE00395EDE /* BalanceViewControllerSpec.mm in Sources */ = {isa = PBXBuildFile; fileRef = A31409CC19113FCE00395EDE /* BalanceViewControllerSpec.mm */; };
		A31409D0191140D600395EDE /* TestBalanceService.m in Sources */ = {isa = PBXBuildFile; fileRef = A31409CF191140D600395EDE /* TestBalanceService.m */; };
		A3463F2C19115BD800245CC2 /* CoffeeMonitor.storyboard in Resources */ = {isa = PBXBuildFile; fileRef = A3463F2B19115BD800245CC2 /* CoffeeMonitor.storyboard */; };
		A370753F190FF66600294F12 /* Foundation.framework in Frameworks */ = {isa = PBXBuildFile; fileRef = A370753E190FF66600294F12 /* Foundation.framework */; };
		A3707541190FF66600294F12 /* CoreGraphics.framework in Frameworks */ = {isa = PBXBuildFile; fileRef = A3707540190FF66600294F12 /* CoreGraphics.framework */; };
		A3707543190FF66600294F12 /* UIKit.framework in Frameworks */ = {isa = PBXBuildFile; fileRef = A3707542190FF66600294F12 /* UIKit.framework */; };
		A3707549190FF66600294F12 /* InfoPlist.strings in Resources */ = {isa = PBXBuildFile; fileRef = A3707547190FF66600294F12 /* InfoPlist.strings */; };
		A370754B190FF66600294F12 /* main.m in Sources */ = {isa = PBXBuildFile; fileRef = A370754A190FF66600294F12 /* main.m */; };
		A370754F190FF66600294F12 /* AppDelegate.m in Sources */ = {isa = PBXBuildFile; fileRef = A370754E190FF66600294F12 /* AppDelegate.m */; };
		A3707551190FF66600294F12 /* Images.xcassets in Resources */ = {isa = PBXBuildFile; fileRef = A3707550190FF66600294F12 /* Images.xcassets */; };
		A38ADD1E19100EA400ED5270 /* AppDelegateSpec.mm in Sources */ = {isa = PBXBuildFile; fileRef = A38ADD1D19100EA400ED5270 /* AppDelegateSpec.mm */; };
		A38ADD211910102900ED5270 /* BalanceViewController.m in Sources */ = {isa = PBXBuildFile; fileRef = A38ADD201910102900ED5270 /* BalanceViewController.m */; };
		A3AF9041191043AB0057F98D /* BalanceRequest.m in Sources */ = {isa = PBXBuildFile; fileRef = A3AF9040191043AB0057F98D /* BalanceRequest.m */; };
		A3AF9044191043E30057F98D /* BalanceRequestSpec.mm in Sources */ = {isa = PBXBuildFile; fileRef = A3AF9043191043E30057F98D /* BalanceRequestSpec.mm */; };
		A3AF9047191047650057F98D /* ServiceConnection.m in Sources */ = {isa = PBXBuildFile; fileRef = A3AF9046191047650057F98D /* ServiceConnection.m */; };
		A3AF904A191048270057F98D /* TestServiceConnection.m in Sources */ = {isa = PBXBuildFile; fileRef = A3AF9049191048270057F98D /* TestServiceConnection.m */; };
		A3AF904D1910486C0057F98D /* BalanceService.m in Sources */ = {isa = PBXBuildFile; fileRef = A3AF904C1910486C0057F98D /* BalanceService.m */; };
		A3AF904F1910488D0057F98D /* BalanceServiceSpec.mm in Sources */ = {isa = PBXBuildFile; fileRef = A3AF904E1910488D0057F98D /* BalanceServiceSpec.mm */; };
		A3AF9052191058860057F98D /* Request.m in Sources */ = {isa = PBXBuildFile; fileRef = A3AF9051191058860057F98D /* Request.m */; };
		A3B9B7181911A21F00DAE6DD /* TransactionsRequestSpec.mm in Sources */ = {isa = PBXBuildFile; fileRef = A3B9B7171911A21F00DAE6DD /* TransactionsRequestSpec.mm */; };
		A3B9B71B1911A2AC00DAE6DD /* TransactionsRequest.m in Sources */ = {isa = PBXBuildFile; fileRef = A3B9B71A1911A2AC00DAE6DD /* TransactionsRequest.m */; };
		A3B9B71E1911A44200DAE6DD /* TransactionsService.m in Sources */ = {isa = PBXBuildFile; fileRef = A3B9B71D1911A44200DAE6DD /* TransactionsService.m */; };
		A3B9B7201911A50900DAE6DD /* TransactionsServiceSpec.mm in Sources */ = {isa = PBXBuildFile; fileRef = A3B9B71F1911A50900DAE6DD /* TransactionsServiceSpec.mm */; };
		A3B9B7231911AC8400DAE6DD /* Transaction.m in Sources */ = {isa = PBXBuildFile; fileRef = A3B9B7221911AC8400DAE6DD /* Transaction.m */; };
/* End PBXBuildFile section */

/* Begin PBXFileReference section */
		A307A0F1190FFAC900793C95 /* Specs.octest */ = {isa = PBXFileReference; explicitFileType = wrapper.cfbundle; includeInIndex = 0; path = Specs.octest; sourceTree = BUILT_PRODUCTS_DIR; };
		A307A0F2190FFAC900793C95 /* SenTestingKit.framework */ = {isa = PBXFileReference; lastKnownFileType = wrapper.framework; name = SenTestingKit.framework; path = Library/Frameworks/SenTestingKit.framework; sourceTree = DEVELOPER_DIR; };
		A307A0F9190FFAC900793C95 /* Specs-Info.plist */ = {isa = PBXFileReference; lastKnownFileType = text.plist.xml; path = "Specs-Info.plist"; sourceTree = "<group>"; };
		A307A0FB190FFAC900793C95 /* en */ = {isa = PBXFileReference; lastKnownFileType = text.plist.strings; name = en; path = en.lproj/InfoPlist.strings; sourceTree = "<group>"; };
		A307A0FF190FFAC900793C95 /* Rakefile */ = {isa = PBXFileReference; lastKnownFileType = text; path = Rakefile; sourceTree = "<group>"; };
		A307A100190FFAC900793C95 /* Cedar-iOS.framework */ = {isa = PBXFileReference; lastKnownFileType = wrapper.framework; name = "Cedar-iOS.framework"; path = "Frameworks/Cedar-iOS.framework"; sourceTree = "<group>"; };
		A307A102190FFAC900793C95 /* Specs-Prefix.pch */ = {isa = PBXFileReference; lastKnownFileType = sourcecode.c.h; path = "Specs-Prefix.pch"; sourceTree = "<group>"; };
		A31409CC19113FCE00395EDE /* BalanceViewControllerSpec.mm */ = {isa = PBXFileReference; fileEncoding = 4; lastKnownFileType = sourcecode.cpp.objcpp; path = BalanceViewControllerSpec.mm; sourceTree = "<group>"; };
		A31409CE191140D600395EDE /* TestBalanceService.h */ = {isa = PBXFileReference; fileEncoding = 4; lastKnownFileType = sourcecode.c.h; path = TestBalanceService.h; sourceTree = "<group>"; };
		A31409CF191140D600395EDE /* TestBalanceService.m */ = {isa = PBXFileReference; fileEncoding = 4; lastKnownFileType = sourcecode.c.objc; path = TestBalanceService.m; sourceTree = "<group>"; };
		A3463F2B19115BD800245CC2 /* CoffeeMonitor.storyboard */ = {isa = PBXFileReference; fileEncoding = 4; lastKnownFileType = file.storyboard; path = CoffeeMonitor.storyboard; sourceTree = "<group>"; };
		A370753B190FF66600294F12 /* CoffeeMonitor.app */ = {isa = PBXFileReference; explicitFileType = wrapper.application; includeInIndex = 0; path = CoffeeMonitor.app; sourceTree = BUILT_PRODUCTS_DIR; };
		A370753E190FF66600294F12 /* Foundation.framework */ = {isa = PBXFileReference; lastKnownFileType = wrapper.framework; name = Foundation.framework; path = System/Library/Frameworks/Foundation.framework; sourceTree = SDKROOT; };
		A3707540190FF66600294F12 /* CoreGraphics.framework */ = {isa = PBXFileReference; lastKnownFileType = wrapper.framework; name = CoreGraphics.framework; path = System/Library/Frameworks/CoreGraphics.framework; sourceTree = SDKROOT; };
		A3707542190FF66600294F12 /* UIKit.framework */ = {isa = PBXFileReference; lastKnownFileType = wrapper.framework; name = UIKit.framework; path = System/Library/Frameworks/UIKit.framework; sourceTree = SDKROOT; };
		A3707546190FF66600294F12 /* CoffeeMonitor-Info.plist */ = {isa = PBXFileReference; lastKnownFileType = text.plist.xml; path = "CoffeeMonitor-Info.plist"; sourceTree = "<group>"; };
		A3707548190FF66600294F12 /* en */ = {isa = PBXFileReference; lastKnownFileType = text.plist.strings; name = en; path = en.lproj/InfoPlist.strings; sourceTree = "<group>"; };
		A370754A190FF66600294F12 /* main.m */ = {isa = PBXFileReference; lastKnownFileType = sourcecode.c.objc; path = main.m; sourceTree = "<group>"; };
		A370754C190FF66600294F12 /* CoffeeMonitor-Prefix.pch */ = {isa = PBXFileReference; lastKnownFileType = sourcecode.c.h; path = "CoffeeMonitor-Prefix.pch"; sourceTree = "<group>"; };
		A370754D190FF66600294F12 /* AppDelegate.h */ = {isa = PBXFileReference; lastKnownFileType = sourcecode.c.h; path = AppDelegate.h; sourceTree = "<group>"; };
		A370754E190FF66600294F12 /* AppDelegate.m */ = {isa = PBXFileReference; lastKnownFileType = sourcecode.c.objc; path = AppDelegate.m; sourceTree = "<group>"; };
		A3707550190FF66600294F12 /* Images.xcassets */ = {isa = PBXFileReference; lastKnownFileType = folder.assetcatalog; path = Images.xcassets; sourceTree = "<group>"; };
		A3707557190FF66600294F12 /* XCTest.framework */ = {isa = PBXFileReference; lastKnownFileType = wrapper.framework; name = XCTest.framework; path = Library/Frameworks/XCTest.framework; sourceTree = DEVELOPER_DIR; };
		A38ADD1D19100EA400ED5270 /* AppDelegateSpec.mm */ = {isa = PBXFileReference; fileEncoding = 4; lastKnownFileType = sourcecode.cpp.objcpp; path = AppDelegateSpec.mm; sourceTree = "<group>"; };
		A38ADD1F1910102900ED5270 /* BalanceViewController.h */ = {isa = PBXFileReference; fileEncoding = 4; lastKnownFileType = sourcecode.c.h; path = BalanceViewController.h; sourceTree = "<group>"; };
		A38ADD201910102900ED5270 /* BalanceViewController.m */ = {isa = PBXFileReference; fileEncoding = 4; lastKnownFileType = sourcecode.c.objc; path = BalanceViewController.m; sourceTree = "<group>"; };
		A3AF903F191043AB0057F98D /* BalanceRequest.h */ = {isa = PBXFileReference; fileEncoding = 4; lastKnownFileType = sourcecode.c.h; path = BalanceRequest.h; sourceTree = "<group>"; };
		A3AF9040191043AB0057F98D /* BalanceRequest.m */ = {isa = PBXFileReference; fileEncoding = 4; lastKnownFileType = sourcecode.c.objc; path = BalanceRequest.m; sourceTree = "<group>"; };
		A3AF9043191043E30057F98D /* BalanceRequestSpec.mm */ = {isa = PBXFileReference; fileEncoding = 4; lastKnownFileType = sourcecode.cpp.objcpp; path = BalanceRequestSpec.mm; sourceTree = "<group>"; };
		A3AF9045191047650057F98D /* ServiceConnection.h */ = {isa = PBXFileReference; fileEncoding = 4; lastKnownFileType = sourcecode.c.h; path = ServiceConnection.h; sourceTree = "<group>"; };
		A3AF9046191047650057F98D /* ServiceConnection.m */ = {isa = PBXFileReference; fileEncoding = 4; lastKnownFileType = sourcecode.c.objc; path = ServiceConnection.m; sourceTree = "<group>"; };
		A3AF9048191048270057F98D /* TestServiceConnection.h */ = {isa = PBXFileReference; fileEncoding = 4; lastKnownFileType = sourcecode.c.h; path = TestServiceConnection.h; sourceTree = "<group>"; };
		A3AF9049191048270057F98D /* TestServiceConnection.m */ = {isa = PBXFileReference; fileEncoding = 4; lastKnownFileType = sourcecode.c.objc; path = TestServiceConnection.m; sourceTree = "<group>"; };
		A3AF904B1910486C0057F98D /* BalanceService.h */ = {isa = PBXFileReference; fileEncoding = 4; lastKnownFileType = sourcecode.c.h; path = BalanceService.h; sourceTree = "<group>"; };
		A3AF904C1910486C0057F98D /* BalanceService.m */ = {isa = PBXFileReference; fileEncoding = 4; lastKnownFileType = sourcecode.c.objc; path = BalanceService.m; sourceTree = "<group>"; };
		A3AF904E1910488D0057F98D /* BalanceServiceSpec.mm */ = {isa = PBXFileReference; fileEncoding = 4; lastKnownFileType = sourcecode.cpp.objcpp; path = BalanceServiceSpec.mm; sourceTree = "<group>"; };
		A3AF9050191058860057F98D /* Request.h */ = {isa = PBXFileReference; fileEncoding = 4; lastKnownFileType = sourcecode.c.h; path = Request.h; sourceTree = "<group>"; };
		A3AF9051191058860057F98D /* Request.m */ = {isa = PBXFileReference; fileEncoding = 4; lastKnownFileType = sourcecode.c.objc; path = Request.m; sourceTree = "<group>"; };
		A3B9B7171911A21F00DAE6DD /* TransactionsRequestSpec.mm */ = {isa = PBXFileReference; fileEncoding = 4; lastKnownFileType = sourcecode.cpp.objcpp; path = TransactionsRequestSpec.mm; sourceTree = "<group>"; };
		A3B9B7191911A2AC00DAE6DD /* TransactionsRequest.h */ = {isa = PBXFileReference; fileEncoding = 4; lastKnownFileType = sourcecode.c.h; path = TransactionsRequest.h; sourceTree = "<group>"; };
		A3B9B71A1911A2AC00DAE6DD /* TransactionsRequest.m */ = {isa = PBXFileReference; fileEncoding = 4; lastKnownFileType = sourcecode.c.objc; path = TransactionsRequest.m; sourceTree = "<group>"; };
		A3B9B71C1911A44200DAE6DD /* TransactionsService.h */ = {isa = PBXFileReference; fileEncoding = 4; lastKnownFileType = sourcecode.c.h; path = TransactionsService.h; sourceTree = "<group>"; };
		A3B9B71D1911A44200DAE6DD /* TransactionsService.m */ = {isa = PBXFileReference; fileEncoding = 4; lastKnownFileType = sourcecode.c.objc; path = TransactionsService.m; sourceTree = "<group>"; };
		A3B9B71F1911A50900DAE6DD /* TransactionsServiceSpec.mm */ = {isa = PBXFileReference; fileEncoding = 4; lastKnownFileType = sourcecode.cpp.objcpp; path = TransactionsServiceSpec.mm; sourceTree = "<group>"; };
		A3B9B7211911AC8400DAE6DD /* Transaction.h */ = {isa = PBXFileReference; fileEncoding = 4; lastKnownFileType = sourcecode.c.h; path = Transaction.h; sourceTree = "<group>"; };
		A3B9B7221911AC8400DAE6DD /* Transaction.m */ = {isa = PBXFileReference; fileEncoding = 4; lastKnownFileType = sourcecode.c.objc; path = Transaction.m; sourceTree = "<group>"; };
/* End PBXFileReference section */

/* Begin PBXFrameworksBuildPhase section */
		A307A0ED190FFAC900793C95 /* Frameworks */ = {
			isa = PBXFrameworksBuildPhase;
			buildActionMask = 2147483647;
			files = (
				A307A0F4190FFAC900793C95 /* CoreGraphics.framework in Frameworks */,
				A307A0F5190FFAC900793C95 /* UIKit.framework in Frameworks */,
				A307A101190FFAC900793C95 /* Cedar-iOS.framework in Frameworks */,
				A307A0F3190FFAC900793C95 /* SenTestingKit.framework in Frameworks */,
				A307A0F6190FFAC900793C95 /* Foundation.framework in Frameworks */,
			);
			runOnlyForDeploymentPostprocessing = 0;
		};
		A3707538190FF66600294F12 /* Frameworks */ = {
			isa = PBXFrameworksBuildPhase;
			buildActionMask = 2147483647;
			files = (
				A3707541190FF66600294F12 /* CoreGraphics.framework in Frameworks */,
				A3707543190FF66600294F12 /* UIKit.framework in Frameworks */,
				A370753F190FF66600294F12 /* Foundation.framework in Frameworks */,
			);
			runOnlyForDeploymentPostprocessing = 0;
		};
/* End PBXFrameworksBuildPhase section */

/* Begin PBXGroup section */
		A307A0F7190FFAC900793C95 /* Specs */ = {
			isa = PBXGroup;
			children = (
				A3AF9042191043C00057F98D /* API */,
				A38ADD1D19100EA400ED5270 /* AppDelegateSpec.mm */,
				A307A0FF190FFAC900793C95 /* Rakefile */,
				A307A100190FFAC900793C95 /* Cedar-iOS.framework */,
				A307A0F8190FFAC900793C95 /* Supporting Files */,
				A31409CC19113FCE00395EDE /* BalanceViewControllerSpec.mm */,
			);
			path = Specs;
			sourceTree = "<group>";
		};
		A307A0F8190FFAC900793C95 /* Supporting Files */ = {
			isa = PBXGroup;
			children = (
				A307A0F9190FFAC900793C95 /* Specs-Info.plist */,
				A307A0FA190FFAC900793C95 /* InfoPlist.strings */,
				A307A102190FFAC900793C95 /* Specs-Prefix.pch */,
			);
			name = "Supporting Files";
			sourceTree = "<group>";
		};
		A3707532190FF66600294F12 = {
			isa = PBXGroup;
			children = (
				A3707544190FF66600294F12 /* Sources */,
				A307A0F7190FFAC900793C95 /* Specs */,
				A370753D190FF66600294F12 /* Frameworks */,
				A370753C190FF66600294F12 /* Products */,
			);
			sourceTree = "<group>";
		};
		A370753C190FF66600294F12 /* Products */ = {
			isa = PBXGroup;
			children = (
				A370753B190FF66600294F12 /* CoffeeMonitor.app */,
				A307A0F1190FFAC900793C95 /* Specs.octest */,
			);
			name = Products;
			sourceTree = "<group>";
		};
		A370753D190FF66600294F12 /* Frameworks */ = {
			isa = PBXGroup;
			children = (
				A370753E190FF66600294F12 /* Foundation.framework */,
				A3707540190FF66600294F12 /* CoreGraphics.framework */,
				A3707542190FF66600294F12 /* UIKit.framework */,
				A3707557190FF66600294F12 /* XCTest.framework */,
				A307A0F2190FFAC900793C95 /* SenTestingKit.framework */,
			);
			name = Frameworks;
			sourceTree = "<group>";
		};
		A3707544190FF66600294F12 /* Sources */ = {
			isa = PBXGroup;
			children = (
				A3AF903E191043830057F98D /* API */,
				A370754D190FF66600294F12 /* AppDelegate.h */,
				A370754E190FF66600294F12 /* AppDelegate.m */,
				A3707550190FF66600294F12 /* Images.xcassets */,
				A3707545190FF66600294F12 /* Supporting Files */,
				A38ADD1F1910102900ED5270 /* BalanceViewController.h */,
				A38ADD201910102900ED5270 /* BalanceViewController.m */,
				A3463F2B19115BD800245CC2 /* CoffeeMonitor.storyboard */,
				A3B9B7211911AC8400DAE6DD /* Transaction.h */,
				A3B9B7221911AC8400DAE6DD /* Transaction.m */,
			);
			path = Sources;
			sourceTree = "<group>";
		};
		A3707545190FF66600294F12 /* Supporting Files */ = {
			isa = PBXGroup;
			children = (
				A3707546190FF66600294F12 /* CoffeeMonitor-Info.plist */,
				A3707547190FF66600294F12 /* InfoPlist.strings */,
				A370754A190FF66600294F12 /* main.m */,
				A370754C190FF66600294F12 /* CoffeeMonitor-Prefix.pch */,
			);
			name = "Supporting Files";
			sourceTree = "<group>";
		};
		A3AF903E191043830057F98D /* API */ = {
			isa = PBXGroup;
			children = (
				A3AF903F191043AB0057F98D /* BalanceRequest.h */,
				A3AF9040191043AB0057F98D /* BalanceRequest.m */,
				A3AF9045191047650057F98D /* ServiceConnection.h */,
				A3AF9046191047650057F98D /* ServiceConnection.m */,
				A3AF904B1910486C0057F98D /* BalanceService.h */,
				A3AF904C1910486C0057F98D /* BalanceService.m */,
				A3AF9050191058860057F98D /* Request.h */,
				A3AF9051191058860057F98D /* Request.m */,
				A3B9B7191911A2AC00DAE6DD /* TransactionsRequest.h */,
				A3B9B71A1911A2AC00DAE6DD /* TransactionsRequest.m */,
				A3B9B71C1911A44200DAE6DD /* TransactionsService.h */,
				A3B9B71D1911A44200DAE6DD /* TransactionsService.m */,
			);
			path = API;
			sourceTree = "<group>";
		};
		A3AF9042191043C00057F98D /* API */ = {
			isa = PBXGroup;
			children = (
				A3AF9043191043E30057F98D /* BalanceRequestSpec.mm */,
				A3AF9048191048270057F98D /* TestServiceConnection.h */,
				A3AF9049191048270057F98D /* TestServiceConnection.m */,
				A3AF904E1910488D0057F98D /* BalanceServiceSpec.mm */,
				A31409CE191140D600395EDE /* TestBalanceService.h */,
				A31409CF191140D600395EDE /* TestBalanceService.m */,
				A3B9B7171911A21F00DAE6DD /* TransactionsRequestSpec.mm */,
				A3B9B71F1911A50900DAE6DD /* TransactionsServiceSpec.mm */,
			);
			path = API;
			sourceTree = "<group>";
		};
/* End PBXGroup section */

/* Begin PBXNativeTarget section */
		A307A0F0190FFAC900793C95 /* Specs */ = {
			isa = PBXNativeTarget;
			buildConfigurationList = A307A105190FFAC900793C95 /* Build configuration list for PBXNativeTarget "Specs" */;
			buildPhases = (
				A307A0EC190FFAC900793C95 /* Sources */,
				A307A0ED190FFAC900793C95 /* Frameworks */,
				A307A0EE190FFAC900793C95 /* Resources */,
				A307A0EF190FFAC900793C95 /* ShellScript */,
			);
			buildRules = (
			);
			dependencies = (
			);
			name = Specs;
			productName = Specs;
			productReference = A307A0F1190FFAC900793C95 /* Specs.octest */;
			productType = "com.apple.product-type.bundle";
		};
		A370753A190FF66600294F12 /* CoffeeMonitor */ = {
			isa = PBXNativeTarget;
			buildConfigurationList = A3707567190FF66600294F12 /* Build configuration list for PBXNativeTarget "CoffeeMonitor" */;
			buildPhases = (
				A3707537190FF66600294F12 /* Sources */,
				A3707538190FF66600294F12 /* Frameworks */,
				A3707539190FF66600294F12 /* Resources */,
			);
			buildRules = (
			);
			dependencies = (
			);
			name = CoffeeMonitor;
			productName = CoffeeMonitor;
			productReference = A370753B190FF66600294F12 /* CoffeeMonitor.app */;
			productType = "com.apple.product-type.application";
		};
/* End PBXNativeTarget section */

/* Begin PBXProject section */
		A3707533190FF66600294F12 /* Project object */ = {
			isa = PBXProject;
			attributes = {
				LastUpgradeCheck = 0510;
				ORGANIZATIONNAME = "Luke Mueller";
			};
			buildConfigurationList = A3707536190FF66600294F12 /* Build configuration list for PBXProject "CoffeeMonitor" */;
			compatibilityVersion = "Xcode 3.2";
			developmentRegion = English;
			hasScannedForEncodings = 0;
			knownRegions = (
				en,
			);
			mainGroup = A3707532190FF66600294F12;
			productRefGroup = A370753C190FF66600294F12 /* Products */;
			projectDirPath = "";
			projectRoot = "";
			targets = (
				A370753A190FF66600294F12 /* CoffeeMonitor */,
				A307A0F0190FFAC900793C95 /* Specs */,
			);
		};
/* End PBXProject section */

/* Begin PBXResourcesBuildPhase section */
		A307A0EE190FFAC900793C95 /* Resources */ = {
			isa = PBXResourcesBuildPhase;
			buildActionMask = 2147483647;
			files = (
				A307A0FC190FFAC900793C95 /* InfoPlist.strings in Resources */,
			);
			runOnlyForDeploymentPostprocessing = 0;
		};
		A3707539190FF66600294F12 /* Resources */ = {
			isa = PBXResourcesBuildPhase;
			buildActionMask = 2147483647;
			files = (
				A3463F2C19115BD800245CC2 /* CoffeeMonitor.storyboard in Resources */,
				A3707549190FF66600294F12 /* InfoPlist.strings in Resources */,
				A3707551190FF66600294F12 /* Images.xcassets in Resources */,
			);
			runOnlyForDeploymentPostprocessing = 0;
		};
/* End PBXResourcesBuildPhase section */

/* Begin PBXShellScriptBuildPhase section */
		A307A0EF190FFAC900793C95 /* ShellScript */ = {
			isa = PBXShellScriptBuildPhase;
			buildActionMask = 2147483647;
			files = (
			);
			inputPaths = (
			);
			outputPaths = (
			);
			runOnlyForDeploymentPostprocessing = 0;
			shellPath = /bin/sh;
			shellScript = "# Run the unit tests in this test bundle.\n\"${SYSTEM_DEVELOPER_DIR}/Tools/RunUnitTests\"\n";
		};
/* End PBXShellScriptBuildPhase section */

/* Begin PBXSourcesBuildPhase section */
		A307A0EC190FFAC900793C95 /* Sources */ = {
			isa = PBXSourcesBuildPhase;
			buildActionMask = 2147483647;
			files = (
				A3AF9044191043E30057F98D /* BalanceRequestSpec.mm in Sources */,
				A3AF904F1910488D0057F98D /* BalanceServiceSpec.mm in Sources */,
				A3B9B7181911A21F00DAE6DD /* TransactionsRequestSpec.mm in Sources */,
				A38ADD1E19100EA400ED5270 /* AppDelegateSpec.mm in Sources */,
				A31409CD19113FCE00395EDE /* BalanceViewControllerSpec.mm in Sources */,
				A31409D0191140D600395EDE /* TestBalanceService.m in Sources */,
				A3AF904A191048270057F98D /* TestServiceConnection.m in Sources */,
				A3B9B7201911A50900DAE6DD /* TransactionsServiceSpec.mm in Sources */,
			);
			runOnlyForDeploymentPostprocessing = 0;
		};
		A3707537190FF66600294F12 /* Sources */ = {
			isa = PBXSourcesBuildPhase;
			buildActionMask = 2147483647;
			files = (
				A3B9B71E1911A44200DAE6DD /* TransactionsService.m in Sources */,
				A370754F190FF66600294F12 /* AppDelegate.m in Sources */,
				A38ADD211910102900ED5270 /* BalanceViewController.m in Sources */,
				A3AF9041191043AB0057F98D /* BalanceRequest.m in Sources */,
				A3AF9047191047650057F98D /* ServiceConnection.m in Sources */,
				A3AF904D1910486C0057F98D /* BalanceService.m in Sources */,
				A370754B190FF66600294F12 /* main.m in Sources */,
				A3B9B71B1911A2AC00DAE6DD /* TransactionsRequest.m in Sources */,
				A3B9B7231911AC8400DAE6DD /* Transaction.m in Sources */,
				A3AF9052191058860057F98D /* Request.m in Sources */,
			);
			runOnlyForDeploymentPostprocessing = 0;
		};
/* End PBXSourcesBuildPhase section */

/* Begin PBXVariantGroup section */
		A307A0FA190FFAC900793C95 /* InfoPlist.strings */ = {
			isa = PBXVariantGroup;
			children = (
				A307A0FB190FFAC900793C95 /* en */,
			);
			name = InfoPlist.strings;
			sourceTree = "<group>";
		};
		A3707547190FF66600294F12 /* InfoPlist.strings */ = {
			isa = PBXVariantGroup;
			children = (
				A3707548190FF66600294F12 /* en */,
			);
			name = InfoPlist.strings;
			sourceTree = "<group>";
		};
/* End PBXVariantGroup section */

/* Begin XCBuildConfiguration section */
		A307A103190FFAC900793C95 /* Debug */ = {
			isa = XCBuildConfiguration;
			buildSettings = {
				BUNDLE_LOADER = "$(BUILT_PRODUCTS_DIR)/CoffeeMonitor.app/CoffeeMonitor";
				FRAMEWORK_SEARCH_PATHS = (
					"$(SDKROOT)/Developer/Library/Frameworks",
					"$(DEVELOPER_LIBRARY_DIR)/Frameworks",
					"$(DEVELOPER_FRAMEWORKS_DIR)",
					"$(PROJECT_DIR)/Specs/Frameworks",
				);
				GCC_PRECOMPILE_PREFIX_HEADER = YES;
				GCC_PREFIX_HEADER = "Specs/Specs-Prefix.pch";
				GCC_PREPROCESSOR_DEFINITIONS = (
					"DEBUG=1",
					"$(inherited)",
				);
				INFOPLIST_FILE = "Specs/Specs-Info.plist";
				OTHER_LDFLAGS = (
					"-ObjC",
					"-all_load",
					"-lstdc++",
				);
				PRODUCT_NAME = "$(TARGET_NAME)";
				TEST_HOST = "$(BUNDLE_LOADER)";
				WRAPPER_EXTENSION = octest;
			};
			name = Debug;
		};
		A307A104190FFAC900793C95 /* Release */ = {
			isa = XCBuildConfiguration;
			buildSettings = {
				BUNDLE_LOADER = "$(BUILT_PRODUCTS_DIR)/CoffeeMonitor.app/CoffeeMonitor";
				FRAMEWORK_SEARCH_PATHS = (
					"$(SDKROOT)/Developer/Library/Frameworks",
					"$(DEVELOPER_LIBRARY_DIR)/Frameworks",
					"$(DEVELOPER_FRAMEWORKS_DIR)",
					"$(PROJECT_DIR)/Specs/Frameworks",
				);
				GCC_PRECOMPILE_PREFIX_HEADER = YES;
				GCC_PREFIX_HEADER = "Specs/Specs-Prefix.pch";
				INFOPLIST_FILE = "Specs/Specs-Info.plist";
				OTHER_LDFLAGS = (
					"-ObjC",
					"-all_load",
					"-lstdc++",
				);
				PRODUCT_NAME = "$(TARGET_NAME)";
				TEST_HOST = "$(BUNDLE_LOADER)";
				WRAPPER_EXTENSION = octest;
			};
			name = Release;
		};
		A3707565190FF66600294F12 /* Debug */ = {
			isa = XCBuildConfiguration;
			buildSettings = {
				ALWAYS_SEARCH_USER_PATHS = NO;
				CLANG_CXX_LANGUAGE_STANDARD = "gnu++0x";
				CLANG_CXX_LIBRARY = "libc++";
				CLANG_ENABLE_MODULES = YES;
				CLANG_ENABLE_OBJC_ARC = YES;
				CLANG_WARN_BOOL_CONVERSION = YES;
				CLANG_WARN_CONSTANT_CONVERSION = YES;
				CLANG_WARN_DIRECT_OBJC_ISA_USAGE = YES_ERROR;
				CLANG_WARN_EMPTY_BODY = YES;
				CLANG_WARN_ENUM_CONVERSION = YES;
				CLANG_WARN_INT_CONVERSION = YES;
				CLANG_WARN_OBJC_ROOT_CLASS = YES_ERROR;
				CLANG_WARN__DUPLICATE_METHOD_MATCH = YES;
				"CODE_SIGN_IDENTITY[sdk=iphoneos*]" = "iPhone Developer";
				COPY_PHASE_STRIP = NO;
				GCC_C_LANGUAGE_STANDARD = gnu99;
				GCC_DYNAMIC_NO_PIC = NO;
				GCC_OPTIMIZATION_LEVEL = 0;
				GCC_PREPROCESSOR_DEFINITIONS = (
					"DEBUG=1",
					"$(inherited)",
				);
				GCC_SYMBOLS_PRIVATE_EXTERN = NO;
				GCC_WARN_64_TO_32_BIT_CONVERSION = YES;
				GCC_WARN_ABOUT_RETURN_TYPE = YES_ERROR;
				GCC_WARN_UNDECLARED_SELECTOR = YES;
				GCC_WARN_UNINITIALIZED_AUTOS = YES_AGGRESSIVE;
				GCC_WARN_UNUSED_FUNCTION = YES;
				GCC_WARN_UNUSED_VARIABLE = YES;
				IPHONEOS_DEPLOYMENT_TARGET = 6.0;
				ONLY_ACTIVE_ARCH = YES;
				SDKROOT = iphoneos;
			};
			name = Debug;
		};
		A3707566190FF66600294F12 /* Release */ = {
			isa = XCBuildConfiguration;
			buildSettings = {
				ALWAYS_SEARCH_USER_PATHS = NO;
				CLANG_CXX_LANGUAGE_STANDARD = "gnu++0x";
				CLANG_CXX_LIBRARY = "libc++";
				CLANG_ENABLE_MODULES = YES;
				CLANG_ENABLE_OBJC_ARC = YES;
				CLANG_WARN_BOOL_CONVERSION = YES;
				CLANG_WARN_CONSTANT_CONVERSION = YES;
				CLANG_WARN_DIRECT_OBJC_ISA_USAGE = YES_ERROR;
				CLANG_WARN_EMPTY_BODY = YES;
				CLANG_WARN_ENUM_CONVERSION = YES;
				CLANG_WARN_INT_CONVERSION = YES;
				CLANG_WARN_OBJC_ROOT_CLASS = YES_ERROR;
				CLANG_WARN__DUPLICATE_METHOD_MATCH = YES;
				"CODE_SIGN_IDENTITY[sdk=iphoneos*]" = "iPhone Developer";
				COPY_PHASE_STRIP = YES;
				ENABLE_NS_ASSERTIONS = NO;
				GCC_C_LANGUAGE_STANDARD = gnu99;
				GCC_WARN_64_TO_32_BIT_CONVERSION = YES;
				GCC_WARN_ABOUT_RETURN_TYPE = YES_ERROR;
				GCC_WARN_UNDECLARED_SELECTOR = YES;
				GCC_WARN_UNINITIALIZED_AUTOS = YES_AGGRESSIVE;
				GCC_WARN_UNUSED_FUNCTION = YES;
				GCC_WARN_UNUSED_VARIABLE = YES;
				IPHONEOS_DEPLOYMENT_TARGET = 6.0;
				SDKROOT = iphoneos;
				VALIDATE_PRODUCT = YES;
			};
			name = Release;
		};
		A3707568190FF66600294F12 /* Debug */ = {
			isa = XCBuildConfiguration;
			buildSettings = {
				ASSETCATALOG_COMPILER_APPICON_NAME = AppIcon;
				ASSETCATALOG_COMPILER_LAUNCHIMAGE_NAME = LaunchImage;
				GCC_PRECOMPILE_PREFIX_HEADER = YES;
				GCC_PREFIX_HEADER = "Sources/CoffeeMonitor-Prefix.pch";
				INFOPLIST_FILE = "Sources/CoffeeMonitor-Info.plist";
				IPHONEOS_DEPLOYMENT_TARGET = 6.0;
				PRODUCT_NAME = "$(TARGET_NAME)";
				WRAPPER_EXTENSION = app;
			};
			name = Debug;
		};
		A3707569190FF66600294F12 /* Release */ = {
			isa = XCBuildConfiguration;
			buildSettings = {
				ASSETCATALOG_COMPILER_APPICON_NAME = AppIcon;
				ASSETCATALOG_COMPILER_LAUNCHIMAGE_NAME = LaunchImage;
				GCC_PRECOMPILE_PREFIX_HEADER = YES;
				GCC_PREFIX_HEADER = "Sources/CoffeeMonitor-Prefix.pch";
				INFOPLIST_FILE = "Sources/CoffeeMonitor-Info.plist";
				IPHONEOS_DEPLOYMENT_TARGET = 6.0;
				PRODUCT_NAME = "$(TARGET_NAME)";
				WRAPPER_EXTENSION = app;
			};
			name = Release;
		};
/* End XCBuildConfiguration section */

/* Begin XCConfigurationList section */
		A307A105190FFAC900793C95 /* Build configuration list for PBXNativeTarget "Specs" */ = {
			isa = XCConfigurationList;
			buildConfigurations = (
				A307A103190FFAC900793C95 /* Debug */,
				A307A104190FFAC900793C95 /* Release */,
			);
			defaultConfigurationIsVisible = 0;
			defaultConfigurationName = Release;
		};
		A3707536190FF66600294F12 /* Build configuration list for PBXProject "CoffeeMonitor" */ = {
			isa = XCConfigurationList;
			buildConfigurations = (
				A3707565190FF66600294F12 /* Debug */,
				A3707566190FF66600294F12 /* Release */,
			);
			defaultConfigurationIsVisible = 0;
			defaultConfigurationName = Release;
		};
		A3707567190FF66600294F12 /* Build configuration list for PBXNativeTarget "CoffeeMonitor" */ = {
			isa = XCConfigurationList;
			buildConfigurations = (
				A3707568190FF66600294F12 /* Debug */,
				A3707569190FF66600294F12 /* Release */,
			);
			defaultConfigurationIsVisible = 0;
			defaultConfigurationName = Release;
		};
/* End XCConfigurationList section */
	};
	rootObject = A3707533190FF66600294F12 /* Project object */;
}
